
Microsoft Visual Studio Solution File, Format Version 12.00
Project("{FAE04EC0-301F-11D3-BF4B-00C04F79EFBC}") = "MVVM", "MVVM\MVVM.csproj", "{C66CF9D9-4FF5-402A-A015-3A7CE7FB5E49}"
EndProject
Global
	GlobalSection(SolutionConfigurationPlatforms) = preSolution
		Debug|Any CPU = Debug|Any CPU
		Release|Any CPU = Release|Any CPU
	EndGlobalSection
	GlobalSection(ProjectConfigurationPlatforms) = postSolution
		{C66CF9D9-4FF5-402A-A015-3A7CE7FB5E49}.Debug|Any CPU.ActiveCfg = Debug|Any CPU
		{C66CF9D9-4FF5-402A-A015-3A7CE7FB5E49}.Debug|Any CPU.Build.0 = Debug|Any CPU
		{C66CF9D9-4FF5-402A-A015-3A7CE7FB5E49}.Release|Any CPU.ActiveCfg = Release|Any CPU
		{C66CF9D9-4FF5-402A-A015-3A7CE7FB5E49}.Release|Any CPU.Build.0 = Release|Any CPU
	EndGlobalSection
EndGlobal
